
Microsoft Visual Studio Solution File, Format Version 12.00
Project("{FAE04EC0-301F-11D3-BF4B-00C04F79EFBC}") = "SimpleOrders", "SimpleOrders\SimpleOrders.csproj", "{A8537BE2-5CC5-437A-9A2F-2F37A986412C}"
EndProject
Global
	GlobalSection(SolutionConfigurationPlatforms) = preSolution
		Debug|Any CPU = Debug|Any CPU
		Release|Any CPU = Release|Any CPU
	EndGlobalSection
	GlobalSection(ProjectConfigurationPlatforms) = postSolution
		{A8537BE2-5CC5-437A-9A2F-2F37A986412C}.Debug|Any CPU.ActiveCfg = Debug|Any CPU
		{A8537BE2-5CC5-437A-9A2F-2F37A986412C}.Debug|Any CPU.Build.0 = Debug|Any CPU
		{A8537BE2-5CC5-437A-9A2F-2F37A986412C}.Release|Any CPU.ActiveCfg = Release|Any CPU
		{A8537BE2-5CC5-437A-9A2F-2F37A986412C}.Release|Any CPU.Build.0 = Release|Any CPU
	EndGlobalSection
EndGlobal
